# @generated by Move, please check-in and do not edit manually.

[move]
version = 3
manifest_digest = "202A0D2D9F34FD9D31AEAF81903022F75448C06D2F20D77399881895C8C0366D"
deps_digest = "F8BBB0CCB2491CA29A3DF03D6F92277A4F3574266507ACD77214D37ECA3F3082"
dependencies = [
  { id = "Sui", name = "Sui" },
]

[[move.package]]
id = "MoveStdlib"
source = { git = "https://github.com/MystenLabs/sui.git", rev = "testnet", subdir = "crates/sui-framework/packages/move-stdlib" }

[[move.package]]
id = "Sui"
source = { git = "https://github.com/MystenLabs/sui.git", rev = "testnet", subdir = "crates/sui-framework/packages/sui-framework" }

dependencies = [
  { id = "MoveStdlib", name = "MoveStdlib" },
]

[move.toolchain-version]
compiler-version = "1.61.1"
edition = "2024.beta"
flavor = "sui"

[env]

[env.testnet]
chain-id = "4c78adac"
original-published-id = "0xc290a7f13bcb924e1ee2907f481ef784af5d6080631bbb98746cbe05f3e3a27e"
latest-published-id = "0xc290a7f13bcb924e1ee2907f481ef784af5d6080631bbb98746cbe05f3e3a27e"
published-version = "1"
